
Microsoft Visual Studio Solution File, Format Version 12.00
# Visual Studio 15
VisualStudioVersion = 15.0.28010.0
MinimumVisualStudioVersion = 10.0.40219.1
Project("{FAE04EC0-301F-11D3-BF4B-00C04F79EFBC}") = "HietalasALMBank", "HietalasALMBank\HietalasALMBank.csproj", "{9388F648-E26D-492F-8ADF-D10B2BCA921A}"
EndProject
Project("{2150E333-8FDC-42A3-9474-1A3956D46DE8}") = "Solution Items", "Solution Items", "{BE923400-BE57-44BF-BBD7-2CFCEEA8E845}"
	ProjectSection(SolutionItems) = preProject
		README.md = README.md
	EndProjectSection
EndProject
Project("{FAE04EC0-301F-11D3-BF4B-00C04F79EFBC}") = "HietalasALMBank.Test", "HietalasALMBank.Test\HietalasALMBank.Test.csproj", "{32AB2576-31F9-4276-AA42-158CCC7F2506}"
EndProject
Global
	GlobalSection(SolutionConfigurationPlatforms) = preSolution
		Debug|Any CPU = Debug|Any CPU
		Release|Any CPU = Release|Any CPU
	EndGlobalSection
	GlobalSection(ProjectConfigurationPlatforms) = postSolution
		{9388F648-E26D-492F-8ADF-D10B2BCA921A}.Debug|Any CPU.ActiveCfg = Debug|Any CPU
		{9388F648-E26D-492F-8ADF-D10B2BCA921A}.Debug|Any CPU.Build.0 = Debug|Any CPU
		{9388F648-E26D-492F-8ADF-D10B2BCA921A}.Release|Any CPU.ActiveCfg = Release|Any CPU
		{9388F648-E26D-492F-8ADF-D10B2BCA921A}.Release|Any CPU.Build.0 = Release|Any CPU
		{32AB2576-31F9-4276-AA42-158CCC7F2506}.Debug|Any CPU.ActiveCfg = Debug|Any CPU
		{32AB2576-31F9-4276-AA42-158CCC7F2506}.Debug|Any CPU.Build.0 = Debug|Any CPU
		{32AB2576-31F9-4276-AA42-158CCC7F2506}.Release|Any CPU.ActiveCfg = Release|Any CPU
		{32AB2576-31F9-4276-AA42-158CCC7F2506}.Release|Any CPU.Build.0 = Release|Any CPU
	EndGlobalSection
	GlobalSection(SolutionProperties) = preSolution
		HideSolutionNode = FALSE
	EndGlobalSection
	GlobalSection(ExtensibilityGlobals) = postSolution
		SolutionGuid = {B90D559B-4F7F-4D07-849C-F8DB17AE6850}
	EndGlobalSection
EndGlobal
